
Microsoft Visual Studio Solution File, Format Version 12.00
# Visual Studio Version 17
VisualStudioVersion = 17.0.31903.59
MinimumVisualStudioVersion = 10.0.40219.1
Project("{FAE04EC0-301F-11D3-BF4B-00C04F79EFBC}") = "Tonestro.Maui.Amplitude.Android.UsageChecker", "Tonestro.Maui.Amplitude.Android.UsageChecker\Tonestro.Maui.Amplitude.Android.UsageChecker.csproj", "{A2960DBD-924A-4FEC-AD8B-BBCFA6D2514E}"
EndProject
Project("{FAE04EC0-301F-11D3-BF4B-00C04F79EFBC}") = "Tonestro.Maui.Amplitude.Android", "Tonestro.Maui.Amplitude.Android\Tonestro.Maui.Amplitude.Android.csproj", "{130DE7DF-A341-493B-8384-5B1995EC039E}"
EndProject
Global
	GlobalSection(SolutionConfigurationPlatforms) = preSolution
		Debug|Any CPU = Debug|Any CPU
		Release|Any CPU = Release|Any CPU
	EndGlobalSection
	GlobalSection(SolutionProperties) = preSolution
		HideSolutionNode = FALSE
	EndGlobalSection
	GlobalSection(ProjectConfigurationPlatforms) = postSolution
		{A2960DBD-924A-4FEC-AD8B-BBCFA6D2514E}.Debug|Any CPU.ActiveCfg = Debug|Any CPU
		{A2960DBD-924A-4FEC-AD8B-BBCFA6D2514E}.Debug|Any CPU.Build.0 = Debug|Any CPU
		{A2960DBD-924A-4FEC-AD8B-BBCFA6D2514E}.Release|Any CPU.ActiveCfg = Release|Any CPU
		{A2960DBD-924A-4FEC-AD8B-BBCFA6D2514E}.Release|Any CPU.Build.0 = Release|Any CPU
		{130DE7DF-A341-493B-8384-5B1995EC039E}.Debug|Any CPU.ActiveCfg = Debug|Any CPU
		{130DE7DF-A341-493B-8384-5B1995EC039E}.Debug|Any CPU.Build.0 = Debug|Any CPU
		{130DE7DF-A341-493B-8384-5B1995EC039E}.Release|Any CPU.ActiveCfg = Release|Any CPU
		{130DE7DF-A341-493B-8384-5B1995EC039E}.Release|Any CPU.Build.0 = Release|Any CPU
	EndGlobalSection
EndGlobal
